// !$*UTF8*$!
{
	archiveVersion = 1;
	classes = {
	};
	objectVersion = 50;
	objects = {

/* Begin PBXBuildFile section */
		A6CC65AF24483DFC00610A01 /* AppDelegate.swift in Sources */ = {isa = PBXBuildFile; fileRef = A6CC65AE24483DFC00610A01 /* AppDelegate.swift */; };
		A6CC65B124483DFC00610A01 /* SceneDelegate.swift in Sources */ = {isa = PBXBuildFile; fileRef = A6CC65B024483DFC00610A01 /* SceneDelegate.swift */; };
		A6CC65B324483DFC00610A01 /* ViewController.swift in Sources */ = {isa = PBXBuildFile; fileRef = A6CC65B224483DFC00610A01 /* ViewController.swift */; };
		A6CC65B624483DFC00610A01 /* Main.storyboard in Resources */ = {isa = PBXBuildFile; fileRef = A6CC65B424483DFC00610A01 /* Main.storyboard */; };
		A6CC65B824483DFD00610A01 /* Assets.xcassets in Resources */ = {isa = PBXBuildFile; fileRef = A6CC65B724483DFD00610A01 /* Assets.xcassets */; };
		A6CC65BB24483DFD00610A01 /* LaunchScreen.storyboard in Resources */ = {isa = PBXBuildFile; fileRef = A6CC65B924483DFD00610A01 /* LaunchScreen.storyboard */; };
		A6CC65C324483E9B00610A01 /* URLSchemeHelper.swift in Sources */ = {isa = PBXBuildFile; fileRef = A6CC65C224483E9B00610A01 /* URLSchemeHelper.swift */; };
/* End PBXBuildFile section */

/* Begin PBXFileReference section */
		A6CC65AB24483DFC00610A01 /* telAppButtonSample.app */ = {isa = PBXFileReference; explicitFileType = wrapper.application; includeInIndex = 0; path = telAppButtonSample.app; sourceTree = BUILT_PRODUCTS_DIR; };
		A6CC65AE24483DFC00610A01 /* AppDelegate.swift */ = {isa = PBXFileReference; lastKnownFileType = sourcecode.swift; path = AppDelegate.swift; sourceTree = "<group>"; };
		A6CC65B024483DFC00610A01 /* SceneDelegate.swift */ = {isa = PBXFileReference; lastKnownFileType = sourcecode.swift; path = SceneDelegate.swift; sourceTree = "<group>"; };
		A6CC65B224483DFC00610A01 /* ViewController.swift */ = {isa = PBXFileReference; lastKnownFileType = sourcecode.swift; path = ViewController.swift; sourceTree = "<group>"; };
		A6CC65B524483DFC00610A01 /* Base */ = {isa = PBXFileReference; lastKnownFileType = file.storyboard; name = Base; path = Base.lproj/Main.storyboard; sourceTree = "<group>"; };
		A6CC65B724483DFD00610A01 /* Assets.xcassets */ = {isa = PBXFileReference; lastKnownFileType = folder.assetcatalog; path = Assets.xcassets; sourceTree = "<group>"; };
		A6CC65BA24483DFD00610A01 /* Base */ = {isa = PBXFileReference; lastKnownFileType = file.storyboard; name = Base; path = Base.lproj/LaunchScreen.storyboard; sourceTree = "<group>"; };
		A6CC65BC24483DFD00610A01 /* Info.plist */ = {isa = PBXFileReference; lastKnownFileType = text.plist.xml; path = Info.plist; sourceTree = "<group>"; };
		A6CC65C224483E9B00610A01 /* URLSchemeHelper.swift */ = {isa = PBXFileReference; lastKnownFileType = sourcecode.swift; path = URLSchemeHelper.swift; sourceTree = "<group>"; };
/* End PBXFileReference section */

/* Begin PBXFrameworksBuildPhase section */
		A6CC65A824483DFC00610A01 /* Frameworks */ = {
			isa = PBXFrameworksBuildPhase;
			buildActionMask = 2147483647;
			files = (
			);
			runOnlyForDeploymentPostprocessing = 0;
		};
/* End PBXFrameworksBuildPhase section */

/* Begin PBXGroup section */
		A6CC65A224483DFC00610A01 = {
			isa = PBXGroup;
			children = (
				A6CC65AD24483DFC00610A01 /* telAppButtonSample */,
				A6CC65AC24483DFC00610A01 /* Products */,
			);
			sourceTree = "<group>";
		};
		A6CC65AC24483DFC00610A01 /* Products */ = {
			isa = PBXGroup;
			children = (
				A6CC65AB24483DFC00610A01 /* telAppButtonSample.app */,
			);
			name = Products;
			sourceTree = "<group>";
		};
		A6CC65AD24483DFC00610A01 /* telAppButtonSample */ = {
			isa = PBXGroup;
			children = (
				A6CC65AE24483DFC00610A01 /* AppDelegate.swift */,
				A6CC65B024483DFC00610A01 /* SceneDelegate.swift */,
				A6CC65B224483DFC00610A01 /* ViewController.swift */,
				A6CC65C224483E9B00610A01 /* URLSchemeHelper.swift */,
				A6CC65B424483DFC00610A01 /* Main.storyboard */,
				A6CC65B724483DFD00610A01 /* Assets.xcassets */,
				A6CC65B924483DFD00610A01 /* LaunchScreen.storyboard */,
				A6CC65BC24483DFD00610A01 /* Info.plist */,
			);
			path = telAppButtonSample;
			sourceTree = "<group>";
		};
/* End PBXGroup section */

/* Begin PBXNativeTarget section */
		A6CC65AA24483DFC00610A01 /* telAppButtonSample */ = {
			isa = PBXNativeTarget;
			buildConfigurationList = A6CC65BF24483DFD00610A01 /* Build configuration list for PBXNativeTarget "telAppButtonSample" */;
			buildPhases = (
				A6CC65A724483DFC00610A01 /* Sources */,
				A6CC65A824483DFC00610A01 /* Frameworks */,
				A6CC65A924483DFC00610A01 /* Resources */,
			);
			buildRules = (
			);
			dependencies = (
			);
			name = telAppButtonSample;
			productName = telAppButtonSample;
			productReference = A6CC65AB24483DFC00610A01 /* telAppButtonSample.app */;
			productType = "com.apple.product-type.application";
		};
/* End PBXNativeTarget section */

/* Begin PBXProject section */
		A6CC65A324483DFC00610A01 /* Project object */ = {
			isa = PBXProject;
			attributes = {
				LastSwiftUpdateCheck = 1120;
				LastUpgradeCheck = 1120;
				ORGANIZATIONNAME = satoshi.marumoto;
				TargetAttributes = {
					A6CC65AA24483DFC00610A01 = {
						CreatedOnToolsVersion = 11.2.1;
					};
				};
			};
			buildConfigurationList = A6CC65A624483DFC00610A01 /* Build configuration list for PBXProject "telAppButtonSample" */;
			compatibilityVersion = "Xcode 9.3";
			developmentRegion = en;
			hasScannedForEncodings = 0;
			knownRegions = (
				en,
				Base,
			);
			mainGroup = A6CC65A224483DFC00610A01;
			productRefGroup = A6CC65AC24483DFC00610A01 /* Products */;
			projectDirPath = "";
			projectRoot = "";
			targets = (
				A6CC65AA24483DFC00610A01 /* telAppButtonSample */,
			);
		};
/* End PBXProject section */

/* Begin PBXResourcesBuildPhase section */
		A6CC65A924483DFC00610A01 /* Resources */ = {
			isa = PBXResourcesBuildPhase;
			buildActionMask = 2147483647;
			files = (
				A6CC65BB24483DFD00610A01 /* LaunchScreen.storyboard in Resources */,
				A6CC65B824483DFD00610A01 /* Assets.xcassets in Resources */,
				A6CC65B624483DFC00610A01 /* Main.storyboard in Resources */,
			);
			runOnlyForDeploymentPostprocessing = 0;
		};
/* End PBXResourcesBuildPhase section */

/* Begin PBXSourcesBuildPhase section */
		A6CC65A724483DFC00610A01 /* Sources */ = {
			isa = PBXSourcesBuildPhase;
			buildActionMask = 2147483647;
			files = (
				A6CC65C324483E9B00610A01 /* URLSchemeHelper.swift in Sources */,
				A6CC65B324483DFC00610A01 /* ViewController.swift in Sources */,
				A6CC65AF24483DFC00610A01 /* AppDelegate.swift in Sources */,
				A6CC65B124483DFC00610A01 /* SceneDelegate.swift in Sources */,
			);
			runOnlyForDeploymentPostprocessing = 0;
		};
/* End PBXSourcesBuildPhase section */

/* Begin PBXVariantGroup section */
		A6CC65B424483DFC00610A01 /* Main.storyboard */ = {
			isa = PBXVariantGroup;
			children = (
				A6CC65B524483DFC00610A01 /* Base */,
			);
			name = Main.storyboard;
			sourceTree = "<group>";
		};
		A6CC65B924483DFD00610A01 /* LaunchScreen.storyboard */ = {
			isa = PBXVariantGroup;
			children = (
				A6CC65BA24483DFD00610A01 /* Base */,
			);
			name = LaunchScreen.storyboard;
			sourceTree = "<group>";
		};
/* End PBXVariantGroup section */

/* Begin XCBuildConfiguration section */
		A6CC65BD24483DFD00610A01 /* Debug */ = {
			isa = XCBuildConfiguration;
			buildSettings = {
				ALWAYS_SEARCH_USER_PATHS = NO;
				CLANG_ANALYZER_NONNULL = YES;
				CLANG_ANALYZER_NUMBER_OBJECT_CONVERSION = YES_AGGRESSIVE;
				CLANG_CXX_LANGUAGE_STANDARD = "gnu++14";
				CLANG_CXX_LIBRARY = "libc++";
				CLANG_ENABLE_MODULES = YES;
				CLANG_ENABLE_OBJC_ARC = YES;
				CLANG_ENABLE_OBJC_WEAK = YES;
				CLANG_WARN_BLOCK_CAPTURE_AUTORELEASING = YES;
				CLANG_WARN_BOOL_CONVERSION = YES;
				CLANG_WARN_COMMA = YES;
				CLANG_WARN_CONSTANT_CONVERSION = YES;
				CLANG_WARN_DEPRECATED_OBJC_IMPLEMENTATIONS = YES;
				CLANG_WARN_DIRECT_OBJC_ISA_USAGE = YES_ERROR;
				CLANG_WARN_DOCUMENTATION_COMMENTS = YES;
				CLANG_WARN_EMPTY_BODY = YES;
				CLANG_WARN_ENUM_CONVERSION = YES;
				CLANG_WARN_INFINITE_RECURSION = YES;
				CLANG_WARN_INT_CONVERSION = YES;
				CLANG_WARN_NON_LITERAL_NULL_CONVERSION = YES;
				CLANG_WARN_OBJC_IMPLICIT_RETAIN_SELF = YES;
				CLANG_WARN_OBJC_LITERAL_CONVERSION = YES;
				CLANG_WARN_OBJC_ROOT_CLASS = YES_ERROR;
				CLANG_WARN_RANGE_LOOP_ANALYSIS = YES;
				CLANG_WARN_STRICT_PROTOTYPES = YES;
				CLANG_WARN_SUSPICIOUS_MOVE = YES;
				CLANG_WARN_UNGUARDED_AVAILABILITY = YES_AGGRESSIVE;
				CLANG_WARN_UNREACHABLE_CODE = YES;
				CLANG_WARN__DUPLICATE_METHOD_MATCH = YES;
				COPY_PHASE_STRIP = NO;
				DEBUG_INFORMATION_FORMAT = dwarf;
				ENABLE_STRICT_OBJC_MSGSEND = YES;
				ENABLE_TESTABILITY = YES;
				GCC_C_LANGUAGE_STANDARD = gnu11;
				GCC_DYNAMIC_NO_PIC = NO;
				GCC_NO_COMMON_BLOCKS = YES;
				GCC_OPTIMIZATION_LEVEL = 0;
				GCC_PREPROCESSOR_DEFINITIONS = (
					"DEBUG=1",
					"$(inherited)",
				);
				GCC_WARN_64_TO_32_BIT_CONVERSION = YES;
				GCC_WARN_ABOUT_RETURN_TYPE = YES_ERROR;
				GCC_WARN_UNDECLARED_SELECTOR = YES;
				GCC_WARN_UNINITIALIZED_AUTOS = YES_AGGRESSIVE;
				GCC_WARN_UNUSED_FUNCTION = YES;
				GCC_WARN_UNUSED_VARIABLE = YES;
				IPHONEOS_DEPLOYMENT_TARGET = 13.2;
				MTL_ENABLE_DEBUG_INFO = INCLUDE_SOURCE;
				MTL_FAST_MATH = YES;
				ONLY_ACTIVE_ARCH = YES;
				SDKROOT = iphoneos;
				SWIFT_ACTIVE_COMPILATION_CONDITIONS = DEBUG;
				SWIFT_OPTIMIZATION_LEVEL = "-Onone";
			};
			name = Debug;
		};
		A6CC65BE24483DFD00610A01 /* Release */ = {
			isa = XCBuildConfiguration;
			buildSettings = {
				ALWAYS_SEARCH_USER_PATHS = NO;
				CLANG_ANALYZER_NONNULL = YES;
				CLANG_ANALYZER_NUMBER_OBJECT_CONVERSION = YES_AGGRESSIVE;
				CLANG_CXX_LANGUAGE_STANDARD = "gnu++14";
				CLANG_CXX_LIBRARY = "libc++";
				CLANG_ENABLE_MODULES = YES;
				CLANG_ENABLE_OBJC_ARC = YES;
				CLANG_ENABLE_OBJC_WEAK = YES;
				CLANG_WARN_BLOCK_CAPTURE_AUTORELEASING = YES;
				CLANG_WARN_BOOL_CONVERSION = YES;
				CLANG_WARN_COMMA = YES;
				CLANG_WARN_CONSTANT_CONVERSION = YES;
				CLANG_WARN_DEPRECATED_OBJC_IMPLEMENTATIONS = YES;
				CLANG_WARN_DIRECT_OBJC_ISA_USAGE = YES_ERROR;
				CLANG_WARN_DOCUMENTATION_COMMENTS = YES;
				CLANG_WARN_EMPTY_BODY = YES;
				CLANG_WARN_ENUM_CONVERSION = YES;
				CLANG_WARN_INFINITE_RECURSION = YES;
				CLANG_WARN_INT_CONVERSION = YES;
				CLANG_WARN_NON_LITERAL_NULL_CONVERSION = YES;
				CLANG_WARN_OBJC_IMPLICIT_RETAIN_SELF = YES;
				CLANG_WARN_OBJC_LITERAL_CONVERSION = YES;
				CLANG_WARN_OBJC_ROOT_CLASS = YES_ERROR;
				CLANG_WARN_RANGE_LOOP_ANALYSIS = YES;
				CLANG_WARN_STRICT_PROTOTYPES = YES;
				CLANG_WARN_SUSPICIOUS_MOVE = YES;
				CLANG_WARN_UNGUARDED_AVAILABILITY = YES_AGGRESSIVE;
				CLANG_WARN_UNREACHABLE_CODE = YES;
				CLANG_WARN__DUPLICATE_METHOD_MATCH = YES;
				COPY_PHASE_STRIP = NO;
				DEBUG_INFORMATION_FORMAT = "dwarf-with-dsym";
				ENABLE_NS_ASSERTIONS = NO;
				ENABLE_STRICT_OBJC_MSGSEND = YES;
				GCC_C_LANGUAGE_STANDARD = gnu11;
				GCC_NO_COMMON_BLOCKS = YES;
				GCC_WARN_64_TO_32_BIT_CONVERSION = YES;
				GCC_WARN_ABOUT_RETURN_TYPE = YES_ERROR;
				GCC_WARN_UNDECLARED_SELECTOR = YES;
				GCC_WARN_UNINITIALIZED_AUTOS = YES_AGGRESSIVE;
				GCC_WARN_UNUSED_FUNCTION = YES;
				GCC_WARN_UNUSED_VARIABLE = YES;
				IPHONEOS_DEPLOYMENT_TARGET = 13.2;
				MTL_ENABLE_DEBUG_INFO = NO;
				MTL_FAST_MATH = YES;
				SDKROOT = iphoneos;
				SWIFT_COMPILATION_MODE = wholemodule;
				SWIFT_OPTIMIZATION_LEVEL = "-O";
				VALIDATE_PRODUCT = YES;
			};
			name = Release;
		};
		A6CC65C024483DFD00610A01 /* Debug */ = {
			isa = XCBuildConfiguration;
			buildSettings = {
				ASSETCATALOG_COMPILER_APPICON_NAME = AppIcon;
				CODE_SIGN_STYLE = Automatic;
				DEVELOPMENT_TEAM = YN4564NF9M;
				INFOPLIST_FILE = telAppButtonSample/Info.plist;
				LD_RUNPATH_SEARCH_PATHS = (
					"$(inherited)",
					"@executable_path/Frameworks",
				);
				PRODUCT_BUNDLE_IDENTIFIER = satoshi.marumoto.telAppButtonSample;
				PRODUCT_NAME = "$(TARGET_NAME)";
				SWIFT_VERSION = 5.0;
				TARGETED_DEVICE_FAMILY = "1,2";
			};
			name = Debug;
		};
		A6CC65C124483DFD00610A01 /* Release */ = {
			isa = XCBuildConfiguration;
			buildSettings = {
				ASSETCATALOG_COMPILER_APPICON_NAME = AppIcon;
				CODE_SIGN_STYLE = Automatic;
				DEVELOPMENT_TEAM = YN4564NF9M;
				INFOPLIST_FILE = telAppButtonSample/Info.plist;
				LD_RUNPATH_SEARCH_PATHS = (
					"$(inherited)",
					"@executable_path/Frameworks",
				);
				PRODUCT_BUNDLE_IDENTIFIER = satoshi.marumoto.telAppButtonSample;
				PRODUCT_NAME = "$(TARGET_NAME)";
				SWIFT_VERSION = 5.0;
				TARGETED_DEVICE_FAMILY = "1,2";
			};
			name = Release;
		};
/* End XCBuildConfiguration section */

/* Begin XCConfigurationList section */
		A6CC65A624483DFC00610A01 /* Build configuration list for PBXProject "telAppButtonSample" */ = {
			isa = XCConfigurationList;
			buildConfigurations = (
				A6CC65BD24483DFD00610A01 /* Debug */,
				A6CC65BE24483DFD00610A01 /* Release */,
			);
			defaultConfigurationIsVisible = 0;
			defaultConfigurationName = Release;
		};
		A6CC65BF24483DFD00610A01 /* Build configuration list for PBXNativeTarget "telAppButtonSample" */ = {
			isa = XCConfigurationList;
			buildConfigurations = (
				A6CC65C024483DFD00610A01 /* Debug */,
				A6CC65C124483DFD00610A01 /* Release */,
			);
			defaultConfigurationIsVisible = 0;
			defaultConfigurationName = Release;
		};
/* End XCConfigurationList section */
	};
	rootObject = A6CC65A324483DFC00610A01 /* Project object */;
}
